{
  "pins" : [
    {
      "identity" : "swift-argument-parser",
      "kind" : "remoteSourceControl",
      "location" : "https://github.com/apple/swift-argument-parser",
      "state" : {
        "revision" : "8f4d2753f0e4778c76d5f05ad16c74f707390531",
        "version" : "1.2.3"
      }
    },
    {
      "identity" : "swift-syntax",
      "kind" : "remoteSourceControl",
      "location" : "https://github.com/apple/swift-syntax.git",
      "state" : {
        "revision" : "7bb5231dad28c6dceabf7a439867f39d2c105e4f",
        "version" : "509.0.0-swift-DEVELOPMENT-SNAPSHOT-2023-09-05-a"
      }
    }
  ],
  "version" : 2
}
